
Microsoft Visual Studio Solution File, Format Version 12.00
# Visual Studio Version 17
VisualStudioVersion = 17.3.32811.315
MinimumVisualStudioVersion = 10.0.40219.1
Project("{9A19103F-16F7-4668-BE54-9A1E7A4F7556}") = "win", "win\win.csproj", "{0368C46E-5DC3-4E49-B856-8DF9B8BEB767}"
EndProject
Global
	GlobalSection(SolutionConfigurationPlatforms) = preSolution
		Debug|Any CPU = Debug|Any CPU
		Release|Any CPU = Release|Any CPU
	EndGlobalSection
	GlobalSection(ProjectConfigurationPlatforms) = postSolution
		{0368C46E-5DC3-4E49-B856-8DF9B8BEB767}.Debug|Any CPU.ActiveCfg = Debug|Any CPU
		{0368C46E-5DC3-4E49-B856-8DF9B8BEB767}.Debug|Any CPU.Build.0 = Debug|Any CPU
		{0368C46E-5DC3-4E49-B856-8DF9B8BEB767}.Release|Any CPU.ActiveCfg = Release|Any CPU
		{0368C46E-5DC3-4E49-B856-8DF9B8BEB767}.Release|Any CPU.Build.0 = Release|Any CPU
	EndGlobalSection
	GlobalSection(SolutionProperties) = preSolution
		HideSolutionNode = FALSE
	EndGlobalSection
	GlobalSection(ExtensibilityGlobals) = postSolution
		SolutionGuid = {1F908B3F-0010-4624-A1BD-109A8C1D5E64}
	EndGlobalSection
EndGlobal
